// !$*UTF8*$!
{
	archiveVersion = 1;
	classes = {
	};
	objectVersion = 50;
	objects = {

/* Begin PBXBuildFile section */
		1920F890268B3AE6004AB05C /* AppDelegate.swift in Sources */ = {isa = PBXBuildFile; fileRef = 1920F88F268B3AE6004AB05C /* AppDelegate.swift */; };
		1920F892268B3AE6004AB05C /* SceneDelegate.swift in Sources */ = {isa = PBXBuildFile; fileRef = 1920F891268B3AE6004AB05C /* SceneDelegate.swift */; };
		1920F894268B3AE6004AB05C /* ViewController.swift in Sources */ = {isa = PBXBuildFile; fileRef = 1920F893268B3AE6004AB05C /* ViewController.swift */; };
		1920F897268B3AE6004AB05C /* Main.storyboard in Resources */ = {isa = PBXBuildFile; fileRef = 1920F895268B3AE6004AB05C /* Main.storyboard */; };
		1920F899268B3AEA004AB05C /* Assets.xcassets in Resources */ = {isa = PBXBuildFile; fileRef = 1920F898268B3AEA004AB05C /* Assets.xcassets */; };
		1920F89C268B3AEA004AB05C /* LaunchScreen.storyboard in Resources */ = {isa = PBXBuildFile; fileRef = 1920F89A268B3AEA004AB05C /* LaunchScreen.storyboard */; };
		194DD3CC268C21870011AD1C /* ProfileViewController.swift in Sources */ = {isa = PBXBuildFile; fileRef = 194DD3CB268C21870011AD1C /* ProfileViewController.swift */; };
		1959C4A7268C633F00189E0C /* ProfileCell1TableViewCell.swift in Sources */ = {isa = PBXBuildFile; fileRef = 1959C4A6268C633F00189E0C /* ProfileCell1TableViewCell.swift */; };
		19A247C5268B6CF6009725F1 /* Cell3TableViewCell.swift in Sources */ = {isa = PBXBuildFile; fileRef = 19A247C4268B6CF6009725F1 /* Cell3TableViewCell.swift */; };
		19CBD15F268B50E000C44660 /* Cell1TableViewCell.swift in Sources */ = {isa = PBXBuildFile; fileRef = 19CBD15E268B50E000C44660 /* Cell1TableViewCell.swift */; };
		19CBD162268B563900C44660 /* ButtonWithImage.swift in Sources */ = {isa = PBXBuildFile; fileRef = 19CBD161268B563900C44660 /* ButtonWithImage.swift */; };
		19CBD167268B6A3F00C44660 /* Cell2TableViewCell.swift in Sources */ = {isa = PBXBuildFile; fileRef = 19CBD166268B6A3F00C44660 /* Cell2TableViewCell.swift */; };
/* End PBXBuildFile section */

/* Begin PBXFileReference section */
		1920F88C268B3AE6004AB05C /* BinaryVeda.app */ = {isa = PBXFileReference; explicitFileType = wrapper.application; includeInIndex = 0; path = BinaryVeda.app; sourceTree = BUILT_PRODUCTS_DIR; };
		1920F88F268B3AE6004AB05C /* AppDelegate.swift */ = {isa = PBXFileReference; lastKnownFileType = sourcecode.swift; path = AppDelegate.swift; sourceTree = "<group>"; };
		1920F891268B3AE6004AB05C /* SceneDelegate.swift */ = {isa = PBXFileReference; lastKnownFileType = sourcecode.swift; path = SceneDelegate.swift; sourceTree = "<group>"; };
		1920F893268B3AE6004AB05C /* ViewController.swift */ = {isa = PBXFileReference; lastKnownFileType = sourcecode.swift; path = ViewController.swift; sourceTree = "<group>"; };
		1920F896268B3AE6004AB05C /* Base */ = {isa = PBXFileReference; lastKnownFileType = file.storyboard; name = Base; path = Base.lproj/Main.storyboard; sourceTree = "<group>"; };
		1920F898268B3AEA004AB05C /* Assets.xcassets */ = {isa = PBXFileReference; lastKnownFileType = folder.assetcatalog; path = Assets.xcassets; sourceTree = "<group>"; };
		1920F89B268B3AEA004AB05C /* Base */ = {isa = PBXFileReference; lastKnownFileType = file.storyboard; name = Base; path = Base.lproj/LaunchScreen.storyboard; sourceTree = "<group>"; };
		1920F89D268B3AEA004AB05C /* Info.plist */ = {isa = PBXFileReference; lastKnownFileType = text.plist.xml; path = Info.plist; sourceTree = "<group>"; };
		194DD3CB268C21870011AD1C /* ProfileViewController.swift */ = {isa = PBXFileReference; lastKnownFileType = sourcecode.swift; path = ProfileViewController.swift; sourceTree = "<group>"; };
		1959C4A6268C633F00189E0C /* ProfileCell1TableViewCell.swift */ = {isa = PBXFileReference; lastKnownFileType = sourcecode.swift; path = ProfileCell1TableViewCell.swift; sourceTree = "<group>"; };
		19A247C4268B6CF6009725F1 /* Cell3TableViewCell.swift */ = {isa = PBXFileReference; lastKnownFileType = sourcecode.swift; path = Cell3TableViewCell.swift; sourceTree = "<group>"; };
		19CBD15E268B50E000C44660 /* Cell1TableViewCell.swift */ = {isa = PBXFileReference; lastKnownFileType = sourcecode.swift; path = Cell1TableViewCell.swift; sourceTree = "<group>"; };
		19CBD161268B563900C44660 /* ButtonWithImage.swift */ = {isa = PBXFileReference; lastKnownFileType = sourcecode.swift; path = ButtonWithImage.swift; sourceTree = "<group>"; };
		19CBD166268B6A3F00C44660 /* Cell2TableViewCell.swift */ = {isa = PBXFileReference; lastKnownFileType = sourcecode.swift; path = Cell2TableViewCell.swift; sourceTree = "<group>"; };
/* End PBXFileReference section */

/* Begin PBXFrameworksBuildPhase section */
		1920F889268B3AE6004AB05C /* Frameworks */ = {
			isa = PBXFrameworksBuildPhase;
			buildActionMask = 2147483647;
			files = (
			);
			runOnlyForDeploymentPostprocessing = 0;
		};
/* End PBXFrameworksBuildPhase section */

/* Begin PBXGroup section */
		1920F883268B3AE6004AB05C = {
			isa = PBXGroup;
			children = (
				1920F88E268B3AE6004AB05C /* BinaryVeda */,
				1920F88D268B3AE6004AB05C /* Products */,
			);
			sourceTree = "<group>";
		};
		1920F88D268B3AE6004AB05C /* Products */ = {
			isa = PBXGroup;
			children = (
				1920F88C268B3AE6004AB05C /* BinaryVeda.app */,
			);
			name = Products;
			sourceTree = "<group>";
		};
		1920F88E268B3AE6004AB05C /* BinaryVeda */ = {
			isa = PBXGroup;
			children = (
				1920F88F268B3AE6004AB05C /* AppDelegate.swift */,
				19CBD161268B563900C44660 /* ButtonWithImage.swift */,
				1920F891268B3AE6004AB05C /* SceneDelegate.swift */,
				1920F893268B3AE6004AB05C /* ViewController.swift */,
				194DD3CB268C21870011AD1C /* ProfileViewController.swift */,
				19CBD15E268B50E000C44660 /* Cell1TableViewCell.swift */,
				19CBD166268B6A3F00C44660 /* Cell2TableViewCell.swift */,
				19A247C4268B6CF6009725F1 /* Cell3TableViewCell.swift */,
				1959C4A6268C633F00189E0C /* ProfileCell1TableViewCell.swift */,
				1920F895268B3AE6004AB05C /* Main.storyboard */,
				1920F898268B3AEA004AB05C /* Assets.xcassets */,
				1920F89A268B3AEA004AB05C /* LaunchScreen.storyboard */,
				1920F89D268B3AEA004AB05C /* Info.plist */,
			);
			path = BinaryVeda;
			sourceTree = "<group>";
		};
/* End PBXGroup section */

/* Begin PBXNativeTarget section */
		1920F88B268B3AE6004AB05C /* BinaryVeda */ = {
			isa = PBXNativeTarget;
			buildConfigurationList = 1920F8A0268B3AEA004AB05C /* Build configuration list for PBXNativeTarget "BinaryVeda" */;
			buildPhases = (
				1920F888268B3AE6004AB05C /* Sources */,
				1920F889268B3AE6004AB05C /* Frameworks */,
				1920F88A268B3AE6004AB05C /* Resources */,
			);
			buildRules = (
			);
			dependencies = (
			);
			name = BinaryVeda;
			productName = BinaryVeda;
			productReference = 1920F88C268B3AE6004AB05C /* BinaryVeda.app */;
			productType = "com.apple.product-type.application";
		};
/* End PBXNativeTarget section */

/* Begin PBXProject section */
		1920F884268B3AE6004AB05C /* Project object */ = {
			isa = PBXProject;
			attributes = {
				LastSwiftUpdateCheck = 1230;
				LastUpgradeCheck = 1230;
				TargetAttributes = {
					1920F88B268B3AE6004AB05C = {
						CreatedOnToolsVersion = 12.3;
					};
				};
			};
			buildConfigurationList = 1920F887268B3AE6004AB05C /* Build configuration list for PBXProject "BinaryVeda" */;
			compatibilityVersion = "Xcode 9.3";
			developmentRegion = en;
			hasScannedForEncodings = 0;
			knownRegions = (
				en,
				Base,
			);
			mainGroup = 1920F883268B3AE6004AB05C;
			productRefGroup = 1920F88D268B3AE6004AB05C /* Products */;
			projectDirPath = "";
			projectRoot = "";
			targets = (
				1920F88B268B3AE6004AB05C /* BinaryVeda */,
			);
		};
/* End PBXProject section */

/* Begin PBXResourcesBuildPhase section */
		1920F88A268B3AE6004AB05C /* Resources */ = {
			isa = PBXResourcesBuildPhase;
			buildActionMask = 2147483647;
			files = (
				1920F89C268B3AEA004AB05C /* LaunchScreen.storyboard in Resources */,
				1920F899268B3AEA004AB05C /* Assets.xcassets in Resources */,
				1920F897268B3AE6004AB05C /* Main.storyboard in Resources */,
			);
			runOnlyForDeploymentPostprocessing = 0;
		};
/* End PBXResourcesBuildPhase section */

/* Begin PBXSourcesBuildPhase section */
		1920F888268B3AE6004AB05C /* Sources */ = {
			isa = PBXSourcesBuildPhase;
			buildActionMask = 2147483647;
			files = (
				19CBD162268B563900C44660 /* ButtonWithImage.swift in Sources */,
				1959C4A7268C633F00189E0C /* ProfileCell1TableViewCell.swift in Sources */,
				1920F894268B3AE6004AB05C /* ViewController.swift in Sources */,
				1920F890268B3AE6004AB05C /* AppDelegate.swift in Sources */,
				1920F892268B3AE6004AB05C /* SceneDelegate.swift in Sources */,
				19CBD167268B6A3F00C44660 /* Cell2TableViewCell.swift in Sources */,
				19CBD15F268B50E000C44660 /* Cell1TableViewCell.swift in Sources */,
				194DD3CC268C21870011AD1C /* ProfileViewController.swift in Sources */,
				19A247C5268B6CF6009725F1 /* Cell3TableViewCell.swift in Sources */,
			);
			runOnlyForDeploymentPostprocessing = 0;
		};
/* End PBXSourcesBuildPhase section */

/* Begin PBXVariantGroup section */
		1920F895268B3AE6004AB05C /* Main.storyboard */ = {
			isa = PBXVariantGroup;
			children = (
				1920F896268B3AE6004AB05C /* Base */,
			);
			name = Main.storyboard;
			sourceTree = "<group>";
		};
		1920F89A268B3AEA004AB05C /* LaunchScreen.storyboard */ = {
			isa = PBXVariantGroup;
			children = (
				1920F89B268B3AEA004AB05C /* Base */,
			);
			name = LaunchScreen.storyboard;
			sourceTree = "<group>";
		};
/* End PBXVariantGroup section */

/* Begin XCBuildConfiguration section */
		1920F89E268B3AEA004AB05C /* Debug */ = {
			isa = XCBuildConfiguration;
			buildSettings = {
				ALWAYS_SEARCH_USER_PATHS = NO;
				CLANG_ANALYZER_NONNULL = YES;
				CLANG_ANALYZER_NUMBER_OBJECT_CONVERSION = YES_AGGRESSIVE;
				CLANG_CXX_LANGUAGE_STANDARD = "gnu++14";
				CLANG_CXX_LIBRARY = "libc++";
				CLANG_ENABLE_MODULES = YES;
				CLANG_ENABLE_OBJC_ARC = YES;
				CLANG_ENABLE_OBJC_WEAK = YES;
				CLANG_WARN_BLOCK_CAPTURE_AUTORELEASING = YES;
				CLANG_WARN_BOOL_CONVERSION = YES;
				CLANG_WARN_COMMA = YES;
				CLANG_WARN_CONSTANT_CONVERSION = YES;
				CLANG_WARN_DEPRECATED_OBJC_IMPLEMENTATIONS = YES;
				CLANG_WARN_DIRECT_OBJC_ISA_USAGE = YES_ERROR;
				CLANG_WARN_DOCUMENTATION_COMMENTS = YES;
				CLANG_WARN_EMPTY_BODY = YES;
				CLANG_WARN_ENUM_CONVERSION = YES;
				CLANG_WARN_INFINITE_RECURSION = YES;
				CLANG_WARN_INT_CONVERSION = YES;
				CLANG_WARN_NON_LITERAL_NULL_CONVERSION = YES;
				CLANG_WARN_OBJC_IMPLICIT_RETAIN_SELF = YES;
				CLANG_WARN_OBJC_LITERAL_CONVERSION = YES;
				CLANG_WARN_OBJC_ROOT_CLASS = YES_ERROR;
				CLANG_WARN_QUOTED_INCLUDE_IN_FRAMEWORK_HEADER = YES;
				CLANG_WARN_RANGE_LOOP_ANALYSIS = YES;
				CLANG_WARN_STRICT_PROTOTYPES = YES;
				CLANG_WARN_SUSPICIOUS_MOVE = YES;
				CLANG_WARN_UNGUARDED_AVAILABILITY = YES_AGGRESSIVE;
				CLANG_WARN_UNREACHABLE_CODE = YES;
				CLANG_WARN__DUPLICATE_METHOD_MATCH = YES;
				COPY_PHASE_STRIP = NO;
				DEBUG_INFORMATION_FORMAT = dwarf;
				ENABLE_STRICT_OBJC_MSGSEND = YES;
				ENABLE_TESTABILITY = YES;
				GCC_C_LANGUAGE_STANDARD = gnu11;
				GCC_DYNAMIC_NO_PIC = NO;
				GCC_NO_COMMON_BLOCKS = YES;
				GCC_OPTIMIZATION_LEVEL = 0;
				GCC_PREPROCESSOR_DEFINITIONS = (
					"DEBUG=1",
					"$(inherited)",
				);
				GCC_WARN_64_TO_32_BIT_CONVERSION = YES;
				GCC_WARN_ABOUT_RETURN_TYPE = YES_ERROR;
				GCC_WARN_UNDECLARED_SELECTOR = YES;
				GCC_WARN_UNINITIALIZED_AUTOS = YES_AGGRESSIVE;
				GCC_WARN_UNUSED_FUNCTION = YES;
				GCC_WARN_UNUSED_VARIABLE = YES;
				IPHONEOS_DEPLOYMENT_TARGET = 14.3;
				MTL_ENABLE_DEBUG_INFO = INCLUDE_SOURCE;
				MTL_FAST_MATH = YES;
				ONLY_ACTIVE_ARCH = YES;
				SDKROOT = iphoneos;
				SWIFT_ACTIVE_COMPILATION_CONDITIONS = DEBUG;
				SWIFT_OPTIMIZATION_LEVEL = "-Onone";
			};
			name = Debug;
		};
		1920F89F268B3AEA004AB05C /* Release */ = {
			isa = XCBuildConfiguration;
			buildSettings = {
				ALWAYS_SEARCH_USER_PATHS = NO;
				CLANG_ANALYZER_NONNULL = YES;
				CLANG_ANALYZER_NUMBER_OBJECT_CONVERSION = YES_AGGRESSIVE;
				CLANG_CXX_LANGUAGE_STANDARD = "gnu++14";
				CLANG_CXX_LIBRARY = "libc++";
				CLANG_ENABLE_MODULES = YES;
				CLANG_ENABLE_OBJC_ARC = YES;
				CLANG_ENABLE_OBJC_WEAK = YES;
				CLANG_WARN_BLOCK_CAPTURE_AUTORELEASING = YES;
				CLANG_WARN_BOOL_CONVERSION = YES;
				CLANG_WARN_COMMA = YES;
				CLANG_WARN_CONSTANT_CONVERSION = YES;
				CLANG_WARN_DEPRECATED_OBJC_IMPLEMENTATIONS = YES;
				CLANG_WARN_DIRECT_OBJC_ISA_USAGE = YES_ERROR;
				CLANG_WARN_DOCUMENTATION_COMMENTS = YES;
				CLANG_WARN_EMPTY_BODY = YES;
				CLANG_WARN_ENUM_CONVERSION = YES;
				CLANG_WARN_INFINITE_RECURSION = YES;
				CLANG_WARN_INT_CONVERSION = YES;
				CLANG_WARN_NON_LITERAL_NULL_CONVERSION = YES;
				CLANG_WARN_OBJC_IMPLICIT_RETAIN_SELF = YES;
				CLANG_WARN_OBJC_LITERAL_CONVERSION = YES;
				CLANG_WARN_OBJC_ROOT_CLASS = YES_ERROR;
				CLANG_WARN_QUOTED_INCLUDE_IN_FRAMEWORK_HEADER = YES;
				CLANG_WARN_RANGE_LOOP_ANALYSIS = YES;
				CLANG_WARN_STRICT_PROTOTYPES = YES;
				CLANG_WARN_SUSPICIOUS_MOVE = YES;
				CLANG_WARN_UNGUARDED_AVAILABILITY = YES_AGGRESSIVE;
				CLANG_WARN_UNREACHABLE_CODE = YES;
				CLANG_WARN__DUPLICATE_METHOD_MATCH = YES;
				COPY_PHASE_STRIP = NO;
				DEBUG_INFORMATION_FORMAT = "dwarf-with-dsym";
				ENABLE_NS_ASSERTIONS = NO;
				ENABLE_STRICT_OBJC_MSGSEND = YES;
				GCC_C_LANGUAGE_STANDARD = gnu11;
				GCC_NO_COMMON_BLOCKS = YES;
				GCC_WARN_64_TO_32_BIT_CONVERSION = YES;
				GCC_WARN_ABOUT_RETURN_TYPE = YES_ERROR;
				GCC_WARN_UNDECLARED_SELECTOR = YES;
				GCC_WARN_UNINITIALIZED_AUTOS = YES_AGGRESSIVE;
				GCC_WARN_UNUSED_FUNCTION = YES;
				GCC_WARN_UNUSED_VARIABLE = YES;
				IPHONEOS_DEPLOYMENT_TARGET = 14.3;
				MTL_ENABLE_DEBUG_INFO = NO;
				MTL_FAST_MATH = YES;
				SDKROOT = iphoneos;
				SWIFT_COMPILATION_MODE = wholemodule;
				SWIFT_OPTIMIZATION_LEVEL = "-O";
				VALIDATE_PRODUCT = YES;
			};
			name = Release;
		};
		1920F8A1268B3AEA004AB05C /* Debug */ = {
			isa = XCBuildConfiguration;
			buildSettings = {
				ASSETCATALOG_COMPILER_APPICON_NAME = AppIcon;
				ASSETCATALOG_COMPILER_GLOBAL_ACCENT_COLOR_NAME = AccentColor;
				CODE_SIGN_STYLE = Automatic;
				INFOPLIST_FILE = BinaryVeda/Info.plist;
				LD_RUNPATH_SEARCH_PATHS = (
					"$(inherited)",
					"@executable_path/Frameworks",
				);
				PRODUCT_BUNDLE_IDENTIFIER = com.alok.singh.BinaryVeda;
				PRODUCT_NAME = "$(TARGET_NAME)";
				SWIFT_VERSION = 5.0;
				TARGETED_DEVICE_FAMILY = "1,2";
			};
			name = Debug;
		};
		1920F8A2268B3AEA004AB05C /* Release */ = {
			isa = XCBuildConfiguration;
			buildSettings = {
				ASSETCATALOG_COMPILER_APPICON_NAME = AppIcon;
				ASSETCATALOG_COMPILER_GLOBAL_ACCENT_COLOR_NAME = AccentColor;
				CODE_SIGN_STYLE = Automatic;
				INFOPLIST_FILE = BinaryVeda/Info.plist;
				LD_RUNPATH_SEARCH_PATHS = (
					"$(inherited)",
					"@executable_path/Frameworks",
				);
				PRODUCT_BUNDLE_IDENTIFIER = com.alok.singh.BinaryVeda;
				PRODUCT_NAME = "$(TARGET_NAME)";
				SWIFT_VERSION = 5.0;
				TARGETED_DEVICE_FAMILY = "1,2";
			};
			name = Release;
		};
/* End XCBuildConfiguration section */

/* Begin XCConfigurationList section */
		1920F887268B3AE6004AB05C /* Build configuration list for PBXProject "BinaryVeda" */ = {
			isa = XCConfigurationList;
			buildConfigurations = (
				1920F89E268B3AEA004AB05C /* Debug */,
				1920F89F268B3AEA004AB05C /* Release */,
			);
			defaultConfigurationIsVisible = 0;
			defaultConfigurationName = Release;
		};
		1920F8A0268B3AEA004AB05C /* Build configuration list for PBXNativeTarget "BinaryVeda" */ = {
			isa = XCConfigurationList;
			buildConfigurations = (
				1920F8A1268B3AEA004AB05C /* Debug */,
				1920F8A2268B3AEA004AB05C /* Release */,
			);
			defaultConfigurationIsVisible = 0;
			defaultConfigurationName = Release;
		};
/* End XCConfigurationList section */
	};
	rootObject = 1920F884268B3AE6004AB05C /* Project object */;
}
